<?xml version="1.0" encoding="utf-8"?>
<Project ToolsVersion="4.0" xmlns="http://schemas.microsoft.com/developer/msbuild/2003">
  <ItemGroup>
    <Filter Include="소스 파일">
      <UniqueIdentifier>{4FC737F1-C7A5-4376-A066-2A32D752A2FF}</UniqueIdentifier>
      <Extensions>cpp;c;cc;cxx;c++;cppm;ixx;def;odl;idl;hpj;bat;asm;asmx</Extensions>
    </Filter>
    <Filter Include="헤더 파일">
      <UniqueIdentifier>{93995380-89BD-4b04-88EB-625FBE52EBFB}</UniqueIdentifier>
      <Extensions>h;hh;hpp;hxx;h++;hm;inl;inc;ipp;xsd</Extensions>
    </Filter>
    <Filter Include="리소스 파일">
      <UniqueIdentifier>{67DA6AB6-F800-4c08-8B7A-83BB121AAD01}</UniqueIdentifier>
      <Extensions>rc;ico;cur;bmp;dlg;rc2;rct;bin;rgs;gif;jpg;jpeg;jpe;resx;tiff;tif;png;wav;mfcribbon-ms</Extensions>
    </Filter>
    <Filter Include="헤더 파일\SSBasics">
      <UniqueIdentifier>{36abb6f1-5d32-482f-95aa-b821a20fbfe8}</UniqueIdentifier>
    </Filter>
  </ItemGroup>
  <ItemGroup>
    <ClInclude Include="framework.h">
      <Filter>헤더 파일</Filter>
    </ClInclude>
    <ClInclude Include="targetver.h">
      <Filter>헤더 파일</Filter>
    </ClInclude>
    <ClInclude Include="Resource.h">
      <Filter>헤더 파일</Filter>
    </ClInclude>
    <ClInclude Include="FBXRenderer.h">
      <Filter>헤더 파일</Filter>
    </ClInclude>
    <ClInclude Include="SSEngineDefault\SSDebugLogger.h">
      <Filter>헤더 파일\SSBasics</Filter>
    </ClInclude>
    <ClInclude Include="SSRenderer\SSRenderer.h">
      <Filter>헤더 파일</Filter>
    </ClInclude>
    <ClInclude Include="ExternalUtils\ExternalUtils.h">
      <Filter>헤더 파일</Filter>
    </ClInclude>
    <ClInclude Include="SSRenderer\SSShaderAssetManager.h">
      <Filter>헤더 파일</Filter>
    </ClInclude>
    <ClInclude Include="SSRenderer\SSShaderAsset.h">
      <Filter>헤더 파일</Filter>
    </ClInclude>
    <ClInclude Include="ExternalUtils\DDSTextureLoader.h">
      <Filter>헤더 파일</Filter>
    </ClInclude>
    <ClInclude Include="SSRenderer\SSMaterialAsset.h">
      <Filter>헤더 파일</Filter>
    </ClInclude>
    <ClInclude Include="SSRenderer\SSTextureManager.h">
      <Filter>헤더 파일</Filter>
    </ClInclude>
    <ClInclude Include="SSRenderer\SSCamera.h">
      <Filter>헤더 파일</Filter>
    </ClInclude>
    <ClInclude Include="SSEngineDefault\SSVector.h">
      <Filter>헤더 파일</Filter>
    </ClInclude>
    <ClInclude Include="SSStaticMath.h">
      <Filter>헤더 파일</Filter>
    </ClInclude>
    <ClInclude Include="SSRenderer\SSMaterialAssetManager.h">
      <Filter>헤더 파일</Filter>
    </ClInclude>
    <ClInclude Include="SSRenderer\SSGeometryAsset.h">
      <Filter>헤더 파일</Filter>
    </ClInclude>
    <ClInclude Include="SSRenderer\SSGeometryAssetManager.h">
      <Filter>헤더 파일</Filter>
    </ClInclude>
    <ClInclude Include="SSRenderer\SSShaderReflectionForMaterial.h">
      <Filter>헤더 파일</Filter>
    </ClInclude>
    <ClInclude Include="SSAsset\SSFBXImporter.h">
      <Filter>헤더 파일</Filter>
    </ClInclude>
    <ClInclude Include="SSRenderer\SSModelAsset.h">
      <Filter>헤더 파일</Filter>
    </ClInclude>
    <ClInclude Include="SSRenderer\SSModelAssetManager.h">
      <Filter>헤더 파일</Filter>
    </ClInclude>
    <ClInclude Include="SSEngineDefault\SSInput.h">
      <Filter>헤더 파일</Filter>
    </ClInclude>
    <ClInclude Include="SSEngineDefault\SSFrameInfo.h">
      <Filter>헤더 파일</Filter>
    </ClInclude>
    <ClInclude Include="SSEngineDefault\SSNativeKeywords.h">
      <Filter>헤더 파일</Filter>
    </ClInclude>
    <ClInclude Include="SSRenderer\SSPlaceableObject.h">
      <Filter>헤더 파일</Filter>
    </ClInclude>
    <ClInclude Include="SSRenderer\SSHierarchyObject.h">
      <Filter>헤더 파일</Filter>
    </ClInclude>
    <ClInclude Include="SSEngineDefault\SSContainer\StringHashMapA.h">
      <Filter>헤더 파일</Filter>
    </ClInclude>
    <ClInclude Include="SSEngineDefault\SSContainer\CityHash.h">
      <Filter>헤더 파일</Filter>
    </ClInclude>
    <ClInclude Include="SSEngineDefault\SSContainer\SSUtilityContainer.h">
      <Filter>헤더 파일</Filter>
    </ClInclude>
    <ClInclude Include="SSEngineDefault\SSEngineDefault.h">
      <Filter>헤더 파일</Filter>
    </ClInclude>
    <ClInclude Include="SSEngineDefault\SSContainer\PooledLinkedList.h">
      <Filter>헤더 파일</Filter>
    </ClInclude>
    <ClInclude Include="SSEngineDefault\SSUtilityMacros.h">
      <Filter>헤더 파일</Filter>
    </ClInclude>
    <ClInclude Include="SSEngineDefault\SSContainer\FixedList.h">
      <Filter>헤더 파일</Filter>
    </ClInclude>
    <ClInclude Include="SSEngineDefault\SSContainer\PooledList.h">
      <Filter>헤더 파일</Filter>
    </ClInclude>
    <ClInclude Include="SSRenderer\SSNonCopyable.h">
      <Filter>헤더 파일</Filter>
    </ClInclude>
    <ClInclude Include="SSRenderer\SSAssetBase.h">
      <Filter>헤더 파일</Filter>
    </ClInclude>
  </ItemGroup>
  <ItemGroup>
    <ClCompile Include="FBXRenderer.cpp">
      <Filter>소스 파일</Filter>
    </ClCompile>
    <ClCompile Include="SSEngineDefault\SSNativeTypes.h">
      <Filter>헤더 파일\SSBasics</Filter>
    </ClCompile>
    <ClCompile Include="SSRenderer\SSRenderer.cpp">
      <Filter>소스 파일</Filter>
    </ClCompile>
    <ClCompile Include="ExternalUtils\ExternalUtils.cpp">
      <Filter>소스 파일</Filter>
    </ClCompile>
    <ClCompile Include="SSRenderer\SSShaderAssetManager.cpp">
      <Filter>소스 파일</Filter>
    </ClCompile>
    <ClCompile Include="SSRenderer\SSShaderAsset.cpp">
      <Filter>소스 파일</Filter>
    </ClCompile>
    <ClCompile Include="ExternalUtils\DDSTextureLoader.cpp">
      <Filter>소스 파일</Filter>
    </ClCompile>
    <ClCompile Include="SSRenderer\SSMaterialAsset.cpp">
      <Filter>소스 파일</Filter>
    </ClCompile>
    <ClCompile Include="SSRenderer\SSTextureManager.cpp">
      <Filter>소스 파일</Filter>
    </ClCompile>
    <ClCompile Include="SSRenderer\SSCamera.cpp">
      <Filter>소스 파일</Filter>
    </ClCompile>
    <ClCompile Include="SSEngineDefault\SSVector.cpp">
      <Filter>소스 파일</Filter>
    </ClCompile>
    <ClCompile Include="SSStaticMath.cpp">
      <Filter>소스 파일</Filter>
    </ClCompile>
    <ClCompile Include="SSRenderer\SSMaterialAssetManager.cpp">
      <Filter>소스 파일</Filter>
    </ClCompile>
    <ClCompile Include="SSRenderer\SSGeometryAsset.cpp">
      <Filter>소스 파일</Filter>
    </ClCompile>
    <ClCompile Include="SSRenderer\SSGeometryAssetManager.cpp">
      <Filter>소스 파일</Filter>
    </ClCompile>
    <ClCompile Include="SSAsset\SSFBXImporter.cpp">
      <Filter>소스 파일</Filter>
    </ClCompile>
    <ClCompile Include="SSRenderer\SSModelAsset.cpp">
      <Filter>소스 파일</Filter>
    </ClCompile>
    <ClCompile Include="SSRenderer\SSModelAssetManager.cpp">
      <Filter>소스 파일</Filter>
    </ClCompile>
    <ClCompile Include="SSEngineDefault\SSInput.cpp">
      <Filter>소스 파일</Filter>
    </ClCompile>
    <ClCompile Include="SSEngineDefault\SSFrameInfo.cpp">
      <Filter>소스 파일</Filter>
    </ClCompile>
    <ClCompile Include="SSRenderer\SSPlaceableObject.cpp">
      <Filter>소스 파일</Filter>
    </ClCompile>
    <ClCompile Include="SSRenderer\SSHierarchyObject.cpp">
      <Filter>소스 파일</Filter>
    </ClCompile>
    <ClCompile Include="SSEngineDefault\SSContainer\CityHash.cpp">
      <Filter>소스 파일</Filter>
    </ClCompile>
  </ItemGroup>
  <ItemGroup>
    <ResourceCompile Include="FBXRenderer.rc">
      <Filter>리소스 파일</Filter>
    </ResourceCompile>
  </ItemGroup>
  <ItemGroup>
    <Image Include="small.ico">
      <Filter>리소스 파일</Filter>
    </Image>
    <Image Include="FBXRenderer.ico">
      <Filter>리소스 파일</Filter>
    </Image>
  </ItemGroup>
  <ItemGroup>
    <None Include="Resource\Shader\Tutorial07.fxh" />
    <None Include="Resource\Shader\LambertShader.fxh" />
  </ItemGroup>
  <ItemGroup>
    <Natvis Include="SSEngineDefault\SSContainer\SSContainer.natvis" />
  </ItemGroup>
</Project>