<?xml version="1.0" encoding="utf-8"?>
<Project ToolsVersion="4.0" xmlns="http://schemas.microsoft.com/developer/msbuild/2003">
  <ItemGroup>
    <Filter Include="소스 파일">
      <UniqueIdentifier>{4FC737F1-C7A5-4376-A066-2A32D752A2FF}</UniqueIdentifier>
      <Extensions>cpp;c;cc;cxx;c++;cppm;ixx;def;odl;idl;hpj;bat;asm;asmx</Extensions>
    </Filter>
    <Filter Include="헤더 파일">
      <UniqueIdentifier>{93995380-89BD-4b04-88EB-625FBE52EBFB}</UniqueIdentifier>
      <Extensions>h;hh;hpp;hxx;h++;hm;inl;inc;ipp;xsd</Extensions>
    </Filter>
    <Filter Include="리소스 파일">
      <UniqueIdentifier>{67DA6AB6-F800-4c08-8B7A-83BB121AAD01}</UniqueIdentifier>
      <Extensions>rc;ico;cur;bmp;dlg;rc2;rct;bin;rgs;gif;jpg;jpeg;jpe;resx;tiff;tif;png;wav;mfcribbon-ms</Extensions>
    </Filter>
    <Filter Include="헤더 파일\SSBasics">
      <UniqueIdentifier>{36abb6f1-5d32-482f-95aa-b821a20fbfe8}</UniqueIdentifier>
    </Filter>
  </ItemGroup>
  <ItemGroup>
    <ClInclude Include="framework.h">
      <Filter>헤더 파일</Filter>
    </ClInclude>
    <ClInclude Include="targetver.h">
      <Filter>헤더 파일</Filter>
    </ClInclude>
    <ClInclude Include="Resource.h">
      <Filter>헤더 파일</Filter>
    </ClInclude>
    <ClInclude Include="FBXRenderer.h">
      <Filter>헤더 파일</Filter>
    </ClInclude>
    <ClInclude Include="SSEngineDefault\SSDebugLogger.h">
      <Filter>헤더 파일\SSBasics</Filter>
    </ClInclude>
    <ClInclude Include="SSRenderer\SSRenderer.h">
      <Filter>헤더 파일</Filter>
    </ClInclude>
    <ClInclude Include="ExternalUtils\ExternalUtils.h">
      <Filter>헤더 파일</Filter>
    </ClInclude>
    <ClInclude Include="SSRenderer\RenderAsset\SSShaderAssetManager.h">
      <Filter>헤더 파일</Filter>
    </ClInclude>
    <ClInclude Include="SSRenderer\RenderAsset\AssetType\SSShaderAsset.h">
      <Filter>헤더 파일</Filter>
    </ClInclude>
    <ClInclude Include="ExternalUtils\DDSTextureLoader.h">
      <Filter>헤더 파일</Filter>
    </ClInclude>
    <ClInclude Include="SSRenderer\RenderAsset\AssetType\SSMaterialAsset.h">
      <Filter>헤더 파일</Filter>
    </ClInclude>
    <ClInclude Include="SSRenderer\RenderAsset\AssetType\SSCamera.h">
      <Filter>헤더 파일</Filter>
    </ClInclude>
    <ClInclude Include="SSEngineDefault\SSVector.h">
      <Filter>헤더 파일</Filter>
    </ClInclude>
    <ClInclude Include="SSEngineDefault\SSStaticMath.h">
      <Filter>헤더 파일</Filter>
    </ClInclude>
    <ClInclude Include="SSRenderer\RenderAsset\SSMaterialAssetManager.h">
      <Filter>헤더 파일</Filter>
    </ClInclude>
    <ClInclude Include="SSRenderer\RenderAsset\AssetType\SSGeometryAsset.h">
      <Filter>헤더 파일</Filter>
    </ClInclude>
    <ClInclude Include="SSRenderer\RenderAsset\SSGeometryAssetManager.h">
      <Filter>헤더 파일</Filter>
    </ClInclude>
    <ClInclude Include="SSRenderer\RenderAsset\AssetType\SSShaderReflectionForMaterial.h">
      <Filter>헤더 파일</Filter>
    </ClInclude>
    <ClInclude Include="SSRenderer\RenderAsset\SSFBXImporter.h">
      <Filter>헤더 파일</Filter>
    </ClInclude>
    <ClInclude Include="SSRenderer\RenderAsset\AssetType\SSModelAsset.h">
      <Filter>헤더 파일</Filter>
    </ClInclude>
    <ClInclude Include="SSRenderer\RenderAsset\SSModelAssetManager.h">
      <Filter>헤더 파일</Filter>
    </ClInclude>
    <ClInclude Include="SSEngineDefault\SSInput.h">
      <Filter>헤더 파일</Filter>
    </ClInclude>
    <ClInclude Include="SSEngineDefault\SSFrameInfo.h">
      <Filter>헤더 파일</Filter>
    </ClInclude>
    <ClInclude Include="SSEngineDefault\SSNativeKeywords.h">
      <Filter>헤더 파일</Filter>
    </ClInclude>
    <ClInclude Include="SSRenderer\RenderAsset\AssetType\SSPlaceableAsset.h">
      <Filter>헤더 파일</Filter>
    </ClInclude>
    <ClInclude Include="SSRenderer\RenderAsset\AssetType\SSHierarchyAsset.h">
      <Filter>헤더 파일</Filter>
    </ClInclude>
    <ClInclude Include="SSEngineDefault\SSContainer\StringHashMapA.h">
      <Filter>헤더 파일</Filter>
    </ClInclude>
    <ClInclude Include="SSEngineDefault\SSContainer\CityHash.h">
      <Filter>헤더 파일</Filter>
    </ClInclude>
    <ClInclude Include="SSEngineDefault\SSContainer\SSUtilityContainer.h">
      <Filter>헤더 파일</Filter>
    </ClInclude>
    <ClInclude Include="SSEngineDefault\SSEngineDefault.h">
      <Filter>헤더 파일</Filter>
    </ClInclude>
    <ClInclude Include="SSEngineDefault\SSContainer\PooledLinkedList.h">
      <Filter>헤더 파일</Filter>
    </ClInclude>
    <ClInclude Include="SSEngineDefault\SSUtilityMacros.h">
      <Filter>헤더 파일</Filter>
    </ClInclude>
    <ClInclude Include="SSEngineDefault\SSContainer\FixedList.h">
      <Filter>헤더 파일</Filter>
    </ClInclude>
    <ClInclude Include="SSEngineDefault\SSContainer\PooledList.h">
      <Filter>헤더 파일</Filter>
    </ClInclude>
    <ClInclude Include="SSEngineDefault\SSNonCopyable.h">
      <Filter>헤더 파일</Filter>
    </ClInclude>
    <ClInclude Include="SSRenderer\RenderAsset\AssetType\SSAssetBase.h">
      <Filter>헤더 파일</Filter>
    </ClInclude>
    <ClInclude Include="SSRenderer\RenderAsset\AssetType\SSModelCombinationAsset.h">
      <Filter>헤더 파일</Filter>
    </ClInclude>
    <ClInclude Include="SSRenderer\RenderAsset\SSModelCombinationAssetManager.h">
      <Filter>헤더 파일</Filter>
    </ClInclude>
    <ClInclude Include="SSRenderer\RenderAsset\SSTextureAssetManager.h">
      <Filter>헤더 파일</Filter>
    </ClInclude>
    <ClInclude Include="SSRenderer\RenderAsset\AssetType\SSTextureAsset.h">
      <Filter>헤더 파일</Filter>
    </ClInclude>
    <ClInclude Include="ExternalUtils\CapnProto\include\capnp\compat\json.capnp.h">
      <Filter>헤더 파일</Filter>
    </ClInclude>
    <ClInclude Include="ExternalUtils\CapnProto\include\capnp\compat\json.h">
      <Filter>헤더 파일</Filter>
    </ClInclude>
    <ClInclude Include="ExternalUtils\CapnProto\include\capnp\compat\std-iterator.h">
      <Filter>헤더 파일</Filter>
    </ClInclude>
    <ClInclude Include="ExternalUtils\CapnProto\include\capnp\compat\websocket-rpc.h">
      <Filter>헤더 파일</Filter>
    </ClInclude>
    <ClInclude Include="ExternalUtils\CapnProto\include\capnp\any.h">
      <Filter>헤더 파일</Filter>
    </ClInclude>
    <ClInclude Include="ExternalUtils\CapnProto\include\capnp\blob.h">
      <Filter>헤더 파일</Filter>
    </ClInclude>
    <ClInclude Include="ExternalUtils\CapnProto\include\capnp\c++.capnp.h">
      <Filter>헤더 파일</Filter>
    </ClInclude>
    <ClInclude Include="ExternalUtils\CapnProto\include\capnp\capability.h">
      <Filter>헤더 파일</Filter>
    </ClInclude>
    <ClInclude Include="ExternalUtils\CapnProto\include\capnp\common.h">
      <Filter>헤더 파일</Filter>
    </ClInclude>
    <ClInclude Include="ExternalUtils\CapnProto\include\capnp\dynamic.h">
      <Filter>헤더 파일</Filter>
    </ClInclude>
    <ClInclude Include="ExternalUtils\CapnProto\include\capnp\endian.h">
      <Filter>헤더 파일</Filter>
    </ClInclude>
    <ClInclude Include="ExternalUtils\CapnProto\include\capnp\ez-rpc.h">
      <Filter>헤더 파일</Filter>
    </ClInclude>
    <ClInclude Include="ExternalUtils\CapnProto\include\capnp\generated-header-support.h">
      <Filter>헤더 파일</Filter>
    </ClInclude>
    <ClInclude Include="ExternalUtils\CapnProto\include\capnp\layout.h">
      <Filter>헤더 파일</Filter>
    </ClInclude>
    <ClInclude Include="ExternalUtils\CapnProto\include\capnp\list.h">
      <Filter>헤더 파일</Filter>
    </ClInclude>
    <ClInclude Include="ExternalUtils\CapnProto\include\capnp\membrane.h">
      <Filter>헤더 파일</Filter>
    </ClInclude>
    <ClInclude Include="ExternalUtils\CapnProto\include\capnp\message.h">
      <Filter>헤더 파일</Filter>
    </ClInclude>
    <ClInclude Include="ExternalUtils\CapnProto\include\capnp\orphan.h">
      <Filter>헤더 파일</Filter>
    </ClInclude>
    <ClInclude Include="ExternalUtils\CapnProto\include\capnp\persistent.capnp.h">
      <Filter>헤더 파일</Filter>
    </ClInclude>
    <ClInclude Include="ExternalUtils\CapnProto\include\capnp\pointer-helpers.h">
      <Filter>헤더 파일</Filter>
    </ClInclude>
    <ClInclude Include="ExternalUtils\CapnProto\include\capnp\pretty-print.h">
      <Filter>헤더 파일</Filter>
    </ClInclude>
    <ClInclude Include="ExternalUtils\CapnProto\include\capnp\raw-schema.h">
      <Filter>헤더 파일</Filter>
    </ClInclude>
    <ClInclude Include="ExternalUtils\CapnProto\include\capnp\rpc.capnp.h">
      <Filter>헤더 파일</Filter>
    </ClInclude>
    <ClInclude Include="ExternalUtils\CapnProto\include\capnp\rpc.h">
      <Filter>헤더 파일</Filter>
    </ClInclude>
    <ClInclude Include="ExternalUtils\CapnProto\include\capnp\rpc-prelude.h">
      <Filter>헤더 파일</Filter>
    </ClInclude>
    <ClInclude Include="ExternalUtils\CapnProto\include\capnp\rpc-twoparty.capnp.h">
      <Filter>헤더 파일</Filter>
    </ClInclude>
    <ClInclude Include="ExternalUtils\CapnProto\include\capnp\rpc-twoparty.h">
      <Filter>헤더 파일</Filter>
    </ClInclude>
    <ClInclude Include="ExternalUtils\CapnProto\include\capnp\schema.capnp.h">
      <Filter>헤더 파일</Filter>
    </ClInclude>
    <ClInclude Include="ExternalUtils\CapnProto\include\capnp\schema.h">
      <Filter>헤더 파일</Filter>
    </ClInclude>
    <ClInclude Include="ExternalUtils\CapnProto\include\capnp\schema-lite.h">
      <Filter>헤더 파일</Filter>
    </ClInclude>
    <ClInclude Include="ExternalUtils\CapnProto\include\capnp\schema-loader.h">
      <Filter>헤더 파일</Filter>
    </ClInclude>
    <ClInclude Include="ExternalUtils\CapnProto\include\capnp\schema-parser.h">
      <Filter>헤더 파일</Filter>
    </ClInclude>
    <ClInclude Include="ExternalUtils\CapnProto\include\capnp\serialize.h">
      <Filter>헤더 파일</Filter>
    </ClInclude>
    <ClInclude Include="ExternalUtils\CapnProto\include\capnp\serialize-async.h">
      <Filter>헤더 파일</Filter>
    </ClInclude>
    <ClInclude Include="ExternalUtils\CapnProto\include\capnp\serialize-packed.h">
      <Filter>헤더 파일</Filter>
    </ClInclude>
    <ClInclude Include="ExternalUtils\CapnProto\include\capnp\serialize-text.h">
      <Filter>헤더 파일</Filter>
    </ClInclude>
    <ClInclude Include="ExternalUtils\CapnProto\include\capnp\stream.capnp.h">
      <Filter>헤더 파일</Filter>
    </ClInclude>
    <ClInclude Include="ExternalUtils\CapnProto\include\kj\compat\gtest.h">
      <Filter>헤더 파일</Filter>
    </ClInclude>
    <ClInclude Include="ExternalUtils\CapnProto\include\kj\compat\http.h">
      <Filter>헤더 파일</Filter>
    </ClInclude>
    <ClInclude Include="ExternalUtils\CapnProto\include\kj\compat\url.h">
      <Filter>헤더 파일</Filter>
    </ClInclude>
    <ClInclude Include="ExternalUtils\CapnProto\include\kj\parse\char.h">
      <Filter>헤더 파일</Filter>
    </ClInclude>
    <ClInclude Include="ExternalUtils\CapnProto\include\kj\parse\common.h">
      <Filter>헤더 파일</Filter>
    </ClInclude>
    <ClInclude Include="ExternalUtils\CapnProto\include\kj\std\iostream.h">
      <Filter>헤더 파일</Filter>
    </ClInclude>
    <ClInclude Include="ExternalUtils\CapnProto\include\kj\arena.h">
      <Filter>헤더 파일</Filter>
    </ClInclude>
    <ClInclude Include="ExternalUtils\CapnProto\include\kj\array.h">
      <Filter>헤더 파일</Filter>
    </ClInclude>
    <ClInclude Include="ExternalUtils\CapnProto\include\kj\async.h">
      <Filter>헤더 파일</Filter>
    </ClInclude>
    <ClInclude Include="ExternalUtils\CapnProto\include\kj\async-inl.h">
      <Filter>헤더 파일</Filter>
    </ClInclude>
    <ClInclude Include="ExternalUtils\CapnProto\include\kj\async-io.h">
      <Filter>헤더 파일</Filter>
    </ClInclude>
    <ClInclude Include="ExternalUtils\CapnProto\include\kj\async-prelude.h">
      <Filter>헤더 파일</Filter>
    </ClInclude>
    <ClInclude Include="ExternalUtils\CapnProto\include\kj\async-queue.h">
      <Filter>헤더 파일</Filter>
    </ClInclude>
    <ClInclude Include="ExternalUtils\CapnProto\include\kj\async-unix.h">
      <Filter>헤더 파일</Filter>
    </ClInclude>
    <ClInclude Include="ExternalUtils\CapnProto\include\kj\async-win32.h">
      <Filter>헤더 파일</Filter>
    </ClInclude>
    <ClInclude Include="ExternalUtils\CapnProto\include\kj\cidr.h">
      <Filter>헤더 파일</Filter>
    </ClInclude>
    <ClInclude Include="ExternalUtils\CapnProto\include\kj\common.h">
      <Filter>헤더 파일</Filter>
    </ClInclude>
    <ClInclude Include="ExternalUtils\CapnProto\include\kj\debug.h">
      <Filter>헤더 파일</Filter>
    </ClInclude>
    <ClInclude Include="ExternalUtils\CapnProto\include\kj\encoding.h">
      <Filter>헤더 파일</Filter>
    </ClInclude>
    <ClInclude Include="ExternalUtils\CapnProto\include\kj\exception.h">
      <Filter>헤더 파일</Filter>
    </ClInclude>
    <ClInclude Include="ExternalUtils\CapnProto\include\kj\filesystem.h">
      <Filter>헤더 파일</Filter>
    </ClInclude>
    <ClInclude Include="ExternalUtils\CapnProto\include\kj\function.h">
      <Filter>헤더 파일</Filter>
    </ClInclude>
    <ClInclude Include="ExternalUtils\CapnProto\include\kj\hash.h">
      <Filter>헤더 파일</Filter>
    </ClInclude>
    <ClInclude Include="ExternalUtils\CapnProto\include\kj\io.h">
      <Filter>헤더 파일</Filter>
    </ClInclude>
    <ClInclude Include="ExternalUtils\CapnProto\include\kj\list.h">
      <Filter>헤더 파일</Filter>
    </ClInclude>
    <ClInclude Include="ExternalUtils\CapnProto\include\kj\main.h">
      <Filter>헤더 파일</Filter>
    </ClInclude>
    <ClInclude Include="ExternalUtils\CapnProto\include\kj\map.h">
      <Filter>헤더 파일</Filter>
    </ClInclude>
    <ClInclude Include="ExternalUtils\CapnProto\include\kj\memory.h">
      <Filter>헤더 파일</Filter>
    </ClInclude>
    <ClInclude Include="ExternalUtils\CapnProto\include\kj\mutex.h">
      <Filter>헤더 파일</Filter>
    </ClInclude>
    <ClInclude Include="ExternalUtils\CapnProto\include\kj\one-of.h">
      <Filter>헤더 파일</Filter>
    </ClInclude>
    <ClInclude Include="ExternalUtils\CapnProto\include\kj\refcount.h">
      <Filter>헤더 파일</Filter>
    </ClInclude>
    <ClInclude Include="ExternalUtils\CapnProto\include\kj\source-location.h">
      <Filter>헤더 파일</Filter>
    </ClInclude>
    <ClInclude Include="ExternalUtils\CapnProto\include\kj\string.h">
      <Filter>헤더 파일</Filter>
    </ClInclude>
    <ClInclude Include="ExternalUtils\CapnProto\include\kj\string-tree.h">
      <Filter>헤더 파일</Filter>
    </ClInclude>
    <ClInclude Include="ExternalUtils\CapnProto\include\kj\table.h">
      <Filter>헤더 파일</Filter>
    </ClInclude>
    <ClInclude Include="ExternalUtils\CapnProto\include\kj\test.h">
      <Filter>헤더 파일</Filter>
    </ClInclude>
    <ClInclude Include="ExternalUtils\CapnProto\include\kj\thread.h">
      <Filter>헤더 파일</Filter>
    </ClInclude>
    <ClInclude Include="ExternalUtils\CapnProto\include\kj\threadlocal.h">
      <Filter>헤더 파일</Filter>
    </ClInclude>
    <ClInclude Include="ExternalUtils\CapnProto\include\kj\time.h">
      <Filter>헤더 파일</Filter>
    </ClInclude>
    <ClInclude Include="ExternalUtils\CapnProto\include\kj\timer.h">
      <Filter>헤더 파일</Filter>
    </ClInclude>
    <ClInclude Include="ExternalUtils\CapnProto\include\kj\tuple.h">
      <Filter>헤더 파일</Filter>
    </ClInclude>
    <ClInclude Include="ExternalUtils\CapnProto\include\kj\units.h">
      <Filter>헤더 파일</Filter>
    </ClInclude>
    <ClInclude Include="ExternalUtils\CapnProto\include\kj\vector.h">
      <Filter>헤더 파일</Filter>
    </ClInclude>
    <ClInclude Include="ExternalUtils\CapnProto\include\kj\win32-api-version.h">
      <Filter>헤더 파일</Filter>
    </ClInclude>
    <ClInclude Include="ExternalUtils\CapnProto\include\kj\windows-sanity.h">
      <Filter>헤더 파일</Filter>
    </ClInclude>
    <ClInclude Include="Serializable\SSPbrMaterialData.capnp.h">
      <Filter>헤더 파일</Filter>
    </ClInclude>
    <ClInclude Include="Serializable\SSVector.capnp.h">
      <Filter>헤더 파일</Filter>
    </ClInclude>
    <ClInclude Include="SSRenderer\RenderAsset\AssetType\SSMaterialAssetDetail\SSPbrMaterialAsset.h">
      <Filter>헤더 파일</Filter>
    </ClInclude>
    <ClInclude Include="SSRenderer\SSSamplerPool.h">
      <Filter>헤더 파일</Filter>
    </ClInclude>
    <ClInclude Include="Serializable\SSTextureAssetManagingList.capnp.h">
      <Filter>헤더 파일</Filter>
    </ClInclude>
  </ItemGroup>
  <ItemGroup>
    <ClCompile Include="FBXRenderer.cpp">
      <Filter>소스 파일</Filter>
    </ClCompile>
    <ClCompile Include="SSEngineDefault\SSNativeTypes.h">
      <Filter>헤더 파일\SSBasics</Filter>
    </ClCompile>
    <ClCompile Include="SSRenderer\SSRenderer.cpp">
      <Filter>소스 파일</Filter>
    </ClCompile>
    <ClCompile Include="ExternalUtils\ExternalUtils.cpp">
      <Filter>소스 파일</Filter>
    </ClCompile>
    <ClCompile Include="SSRenderer\RenderAsset\SSShaderAssetManager.cpp">
      <Filter>소스 파일</Filter>
    </ClCompile>
    <ClCompile Include="SSRenderer\RenderAsset\AssetType\SSShaderAsset.cpp">
      <Filter>소스 파일</Filter>
    </ClCompile>
    <ClCompile Include="ExternalUtils\DDSTextureLoader.cpp">
      <Filter>소스 파일</Filter>
    </ClCompile>
    <ClCompile Include="SSRenderer\RenderAsset\AssetType\SSMaterialAsset.cpp">
      <Filter>소스 파일</Filter>
    </ClCompile>
    <ClCompile Include="SSRenderer\RenderAsset\AssetType\SSCamera.cpp">
      <Filter>소스 파일</Filter>
    </ClCompile>
    <ClCompile Include="SSEngineDefault\SSVector.cpp">
      <Filter>소스 파일</Filter>
    </ClCompile>
    <ClCompile Include="SSEngineDefault\SSStaticMath.cpp">
      <Filter>소스 파일</Filter>
    </ClCompile>
    <ClCompile Include="SSRenderer\RenderAsset\SSMaterialAssetManager.cpp">
      <Filter>소스 파일</Filter>
    </ClCompile>
    <ClCompile Include="SSRenderer\RenderAsset\AssetType\SSGeometryAsset.cpp">
      <Filter>소스 파일</Filter>
    </ClCompile>
    <ClCompile Include="SSRenderer\RenderAsset\SSGeometryAssetManager.cpp">
      <Filter>소스 파일</Filter>
    </ClCompile>
    <ClCompile Include="SSRenderer\RenderAsset\SSFBXImporter.cpp">
      <Filter>소스 파일</Filter>
    </ClCompile>
    <ClCompile Include="SSRenderer\RenderAsset\AssetType\SSModelAsset.cpp">
      <Filter>소스 파일</Filter>
    </ClCompile>
    <ClCompile Include="SSRenderer\RenderAsset\SSModelAssetManager.cpp">
      <Filter>소스 파일</Filter>
    </ClCompile>
    <ClCompile Include="SSEngineDefault\SSInput.cpp">
      <Filter>소스 파일</Filter>
    </ClCompile>
    <ClCompile Include="SSEngineDefault\SSFrameInfo.cpp">
      <Filter>소스 파일</Filter>
    </ClCompile>
    <ClCompile Include="SSRenderer\RenderAsset\AssetType\SSPlaceableAsset.cpp">
      <Filter>소스 파일</Filter>
    </ClCompile>
    <ClCompile Include="SSRenderer\RenderAsset\AssetType\SSHierarchyAsset.cpp">
      <Filter>소스 파일</Filter>
    </ClCompile>
    <ClCompile Include="SSEngineDefault\SSContainer\CityHash.cpp">
      <Filter>소스 파일</Filter>
    </ClCompile>
    <ClCompile Include="SSRenderer\RenderAsset\AssetType\SSModelCombinationAsset.cpp">
      <Filter>소스 파일</Filter>
    </ClCompile>
    <ClCompile Include="SSRenderer\RenderAsset\AssetType\SSAssetBase.cpp">
      <Filter>소스 파일</Filter>
    </ClCompile>
    <ClCompile Include="SSRenderer\RenderAsset\SSModelCombinationAssetManager.cpp">
      <Filter>소스 파일</Filter>
    </ClCompile>
    <ClCompile Include="SSRenderer\RenderAsset\SSTextureAssetManager.cpp">
      <Filter>소스 파일</Filter>
    </ClCompile>
    <ClCompile Include="SSRenderer\RenderAsset\AssetType\SSTextureAsset.cpp">
      <Filter>소스 파일</Filter>
    </ClCompile>
    <ClCompile Include="Serializable\SSPbrMaterialData.capnp.c++">
      <Filter>소스 파일</Filter>
    </ClCompile>
    <ClCompile Include="Serializable\SSVector.capnp.c++">
      <Filter>소스 파일</Filter>
    </ClCompile>
    <ClCompile Include="SSRenderer\RenderAsset\AssetType\SSMaterialAssetDetail\SSPbrMaterialAsset.cpp">
      <Filter>소스 파일</Filter>
    </ClCompile>
    <ClCompile Include="SSRenderer\SSSamplerPool.cpp">
      <Filter>소스 파일</Filter>
    </ClCompile>
    <ClCompile Include="Serializable\SSTextureAssetManagingList.capnp.c++">
      <Filter>소스 파일</Filter>
    </ClCompile>
  </ItemGroup>
  <ItemGroup>
    <ResourceCompile Include="FBXRenderer.rc">
      <Filter>리소스 파일</Filter>
    </ResourceCompile>
  </ItemGroup>
  <ItemGroup>
    <Image Include="small.ico">
      <Filter>리소스 파일</Filter>
    </Image>
    <Image Include="FBXRenderer.ico">
      <Filter>리소스 파일</Filter>
    </Image>
  </ItemGroup>
  <ItemGroup>
    <None Include="Resource\Shader\LambertShader.fxh" />
    <None Include="Resource\Shader\SSDefaultPbr.fxh" />
  </ItemGroup>
  <ItemGroup>
    <Natvis Include="SSEngineDefault\SSContainer\SSContainer.natvis" />
  </ItemGroup>
</Project>